{
  "name": "space-radar",
  "version": "6.0.0",
  "lockfileVersion": 3,
  "requires": true,
  "packages": {
    "": {
      "name": "space-radar",
      "version": "6.0.0",
      "dependencies": {
        "d3": "^3.5.6",
        "d3-ease": "^1.0.3",
        "d3-flame-graph": "4.1.3",
        "d3-hierarchy": "^1.1.5",
        "d3-path": "^0.1.5",
        "d3-scale": "^1.0.6",
        "d3-selection": "^1.1.0",
        "d3-shape": "^0.5.1",
        "d3-tip": "^0.7.1",
        "electron-updater": "^6.7.3",
        "photonkit": "^0.1.2",
        "systeminformation": "^5.30.7",
        "tail-stream": "^0.3.3"
      }
    },
    "node_modules/argparse": {
      "version": "2.0.1",
      "resolved": "https://registry.npmjs.org/argparse/-/argparse-2.0.1.tgz",
      "integrity": "sha512-8+9WqebbFzpX9OR+Wa6O29asIogeRMzcGtAINdpMHHyAg10f05aSFVBbcEqGf/PXw1EjAZ+q2/bEBg3DvurK3Q=="
    },
    "node_modules/builder-util-runtime": {
      "version": "9.5.1",
      "resolved": "https://registry.npmjs.org/builder-util-runtime/-/builder-util-runtime-9.5.1.tgz",
      "integrity": "sha512-qt41tMfgHTllhResqM5DcnHyDIWNgzHvuY2jDcYP9iaGpkWxTUzV6GQjDeLnlR1/DtdlcsWQbA7sByMpmJFTLQ==",
      "dependencies": {
        "debug": "^4.3.4",
        "sax": "^1.2.4"
      },
      "engines": {
        "node": ">=12.0.0"
      }
    },
    "node_modules/commander": {
      "version": "2.20.3",
      "resolved": "https://registry.npmjs.org/commander/-/commander-2.20.3.tgz",
      "integrity": "sha512-GpVkmM8vF2vQUkj2LvZmD35JxeJOLCwJ9cUkugyk2nuhbv3+mJvpLYYt+0+USMxE+oj+ey/lJEnhZw75x/OMcQ=="
    },
    "node_modules/d3": {
      "version": "3.5.17",
      "resolved": "https://registry.npmjs.org/d3/-/d3-3.5.17.tgz",
      "integrity": "sha512-yFk/2idb8OHPKkbAL8QaOaqENNoMhIaSHZerk3oQsECwkObkCpJyjYwCe+OHiq6UEdhe1m8ZGARRRO3ljFjlKg=="
    },
    "node_modules/d3-array": {
      "version": "3.2.4",
      "resolved": "https://registry.npmjs.org/d3-array/-/d3-array-3.2.4.tgz",
      "integrity": "sha512-tdQAmyA18i4J7wprpYq8ClcxZy3SC31QMeByyCFyRt7BVHdREQZ5lpzoe5mFEYZUWe+oq8HBvk9JjpibyEV4Jg==",
      "dependencies": {
        "internmap": "1 - 2"
      },
      "engines": {
        "node": ">=12"
      }
    },
    "node_modules/d3-axis": {
      "version": "1.0.8",
      "resolved": "https://registry.npmjs.org/d3-axis/-/d3-axis-1.0.8.tgz",
      "integrity": "sha512-K0djTb26iQ6AsuD2d6Ka08wBHf4V30awIxV4XFuB/iLzYtTqqJlE/nIN0DBJJCX7lbOqbt2/oeX3r+sU5k2veg=="
    },
    "node_modules/d3-brush": {
      "version": "1.0.4",
      "resolved": "https://registry.npmjs.org/d3-brush/-/d3-brush-1.0.4.tgz",
      "integrity": "sha512-nUFueDzOlvwFvuOBynGSyJM7Wt1H9fKgJeoWFSg3ScS4c7FJBch92FKUJKum4xtgPYHdgH2C3bRg3GzSVltCJQ==",
      "dependencies": {
        "d3-dispatch": "1",
        "d3-drag": "1",
        "d3-interpolate": "1",
        "d3-selection": "1",
        "d3-transition": "1"
      }
    },
    "node_modules/d3-brush/node_modules/d3-dispatch": {
      "version": "1.0.6",
      "resolved": "https://registry.npmjs.org/d3-dispatch/-/d3-dispatch-1.0.6.tgz",
      "integrity": "sha512-fVjoElzjhCEy+Hbn8KygnmMS7Or0a9sI2UzGwoB7cCtvI1XpVN9GpoYlnb3xt2YV66oXYb1fLJ8GMvP4hdU1RA=="
    },
    "node_modules/d3-chord": {
      "version": "1.0.4",
      "resolved": "https://registry.npmjs.org/d3-chord/-/d3-chord-1.0.4.tgz",
      "integrity": "sha512-o0ExexkK1N0KikUakKrQwttP5Flu8AYD6iBUh3AdPJqnTh6xlvcX5wFRuuo29sLOAr9+T4yZPUH1S3CCQJ1SlQ==",
      "dependencies": {
        "d3-array": "1",
        "d3-path": "1"
      }
    },
    "node_modules/d3-chord/node_modules/d3-array": {
      "version": "1.2.4",
      "resolved": "https://registry.npmjs.org/d3-array/-/d3-array-1.2.4.tgz",
      "integrity": "sha512-KHW6M86R+FUPYGb3R5XiYjXPq7VzwxZ22buHhAEVG5ztoEcZZMLov530mmccaqA1GghZArjQV46fuc8kUqhhHw=="
    },
    "node_modules/d3-chord/node_modules/d3-path": {
      "version": "1.0.9",
      "resolved": "https://registry.npmjs.org/d3-path/-/d3-path-1.0.9.tgz",
      "integrity": "sha512-VLaYcn81dtHVTjEHd8B+pbe9yHWpXKZUC87PzoFmsFrJqgFwDe/qxfp5MlfsfM1V5E/iVt0MmEbWQ7FVIXh/bg=="
    },
    "node_modules/d3-collection": {
      "version": "1.0.7",
      "resolved": "https://registry.npmjs.org/d3-collection/-/d3-collection-1.0.7.tgz",
      "integrity": "sha512-ii0/r5f4sjKNTfh84Di+DpztYwqKhEyUlKoPrzUFfeSkWxjW49xU2QzO9qrPrNkpdI0XJkfzvmTu8V2Zylln6A=="
    },
    "node_modules/d3-color": {
      "version": "1.4.1",
      "resolved": "https://registry.npmjs.org/d3-color/-/d3-color-1.4.1.tgz",
      "integrity": "sha512-p2sTHSLCJI2QKunbGb7ocOh7DgTAn8IrLx21QRc/BSnodXM4sv6aLQlnfpvehFMLZEfBc6g9pH9SWQccFYfJ9Q=="
    },
    "node_modules/d3-dispatch": {
      "version": "3.0.1",
      "resolved": "https://registry.npmjs.org/d3-dispatch/-/d3-dispatch-3.0.1.tgz",
      "integrity": "sha512-rzUyPU/S7rwUflMyLc1ETDeBj0NRuHKKAcvukozwhshr6g6c5d8zh4c2gQjY2bZ0dXeGLWc1PF174P2tVvKhfg==",
      "engines": {
        "node": ">=12"
      }
    },
    "node_modules/d3-drag": {
      "version": "1.2.1",
      "resolved": "https://registry.npmjs.org/d3-drag/-/d3-drag-1.2.1.tgz",
      "integrity": "sha512-Cg8/K2rTtzxzrb0fmnYOUeZHvwa4PHzwXOLZZPwtEs2SKLLKLXeYwZKBB+DlOxUvFmarOnmt//cU4+3US2lyyQ==",
      "dependencies": {
        "d3-dispatch": "1",
        "d3-selection": "1"
      }
    },
    "node_modules/d3-drag/node_modules/d3-dispatch": {
      "version": "1.0.6",
      "resolved": "https://registry.npmjs.org/d3-dispatch/-/d3-dispatch-1.0.6.tgz",
      "integrity": "sha512-fVjoElzjhCEy+Hbn8KygnmMS7Or0a9sI2UzGwoB7cCtvI1XpVN9GpoYlnb3xt2YV66oXYb1fLJ8GMvP4hdU1RA=="
    },
    "node_modules/d3-dsv": {
      "version": "1.0.8",
      "resolved": "https://registry.npmjs.org/d3-dsv/-/d3-dsv-1.0.8.tgz",
      "integrity": "sha512-IVCJpQ+YGe3qu6odkPQI0KPqfxkhbP/oM1XhhE/DFiYmcXKfCRub4KXyiuehV1d4drjWVXHUWx4gHqhdZb6n/A==",
      "dependencies": {
        "commander": "2",
        "iconv-lite": "0.4",
        "rw": "1"
      },
      "bin": {
        "csv2json": "bin/dsv2json",
        "csv2tsv": "bin/dsv2dsv",
        "dsv2dsv": "bin/dsv2dsv",
        "dsv2json": "bin/dsv2json",
        "json2csv": "bin/json2dsv",
        "json2dsv": "bin/json2dsv",
        "json2tsv": "bin/json2dsv",
        "tsv2csv": "bin/dsv2dsv",
        "tsv2json": "bin/dsv2json"
      }
    },
    "node_modules/d3-ease": {
      "version": "1.0.7",
      "resolved": "https://registry.npmjs.org/d3-ease/-/d3-ease-1.0.7.tgz",
      "integrity": "sha512-lx14ZPYkhNx0s/2HX5sLFUI3mbasHjSSpwO/KaaNACweVwxUruKyWVcb293wMv1RqTPZyZ8kSZ2NogUZNcLOFQ=="
    },
    "node_modules/d3-flame-graph": {
      "version": "4.1.3",
      "resolved": "https://registry.npmjs.org/d3-flame-graph/-/d3-flame-graph-4.1.3.tgz",
      "integrity": "sha512-NijuhJZhaTMwobVgwGQ67x9PovqMMHXBbs0FMHEGJvsWZGuL4M7OsB03v8mHdyVyHhnQYGsYnb5w021e9+R+RQ==",
      "dependencies": {
        "d3-array": "^3.1.1",
        "d3-dispatch": "^3.0.1",
        "d3-ease": "^3.0.1",
        "d3-format": "^3.0.1",
        "d3-hierarchy": "^3.0.1",
        "d3-scale": "^4.0.2",
        "d3-selection": "^3.0.0",
        "d3-transition": "^3.0.1"
      }
    },
    "node_modules/d3-flame-graph/node_modules/d3-ease": {
      "version": "3.0.1",
      "resolved": "https://registry.npmjs.org/d3-ease/-/d3-ease-3.0.1.tgz",
      "integrity": "sha512-wR/XK3D3XcLIZwpbvQwQ5fK+8Ykds1ip7A2Txe0yxncXSdq1L9skcG7blcedkOX+ZcgxGAmLX1FrRGbADwzi0w==",
      "engines": {
        "node": ">=12"
      }
    },
    "node_modules/d3-flame-graph/node_modules/d3-hierarchy": {
      "version": "3.1.2",
      "resolved": "https://registry.npmjs.org/d3-hierarchy/-/d3-hierarchy-3.1.2.tgz",
      "integrity": "sha512-FX/9frcub54beBdugHjDCdikxThEqjnR93Qt7PvQTOHxyiNCAlvMrHhclk3cD5VeAaq9fxmfRp+CnWw9rEMBuA==",
      "engines": {
        "node": ">=12"
      }
    },
    "node_modules/d3-flame-graph/node_modules/d3-scale": {
      "version": "4.0.2",
      "resolved": "https://registry.npmjs.org/d3-scale/-/d3-scale-4.0.2.tgz",
      "integrity": "sha512-GZW464g1SH7ag3Y7hXjf8RoUuAFIqklOAq3MRl4OaWabTFJY9PN/E1YklhXLh+OQ3fM9yS2nOkCoS+WLZ6kvxQ==",
      "dependencies": {
        "d3-array": "2.10.0 - 3",
        "d3-format": "1 - 3",
        "d3-interpolate": "1.2.0 - 3",
        "d3-time": "2.1.1 - 3",
        "d3-time-format": "2 - 4"
      },
      "engines": {
        "node": ">=12"
      }
    },
    "node_modules/d3-flame-graph/node_modules/d3-selection": {
      "version": "3.0.0",
      "resolved": "https://registry.npmjs.org/d3-selection/-/d3-selection-3.0.0.tgz",
      "integrity": "sha512-fmTRWbNMmsmWq6xJV8D19U/gw/bwrHfNXxrIN+HfZgnzqTHp9jOmKMhsTUjXOJnZOdZY9Q28y4yebKzqDKlxlQ==",
      "peer": true,
      "engines": {
        "node": ">=12"
      }
    },
    "node_modules/d3-flame-graph/node_modules/d3-time": {
      "version": "3.1.0",
      "resolved": "https://registry.npmjs.org/d3-time/-/d3-time-3.1.0.tgz",
      "integrity": "sha512-VqKjzBLejbSMT4IgbmVgDjpkYrNWUYJnbCGo874u7MMKIWsILRX+OpX/gTk8MqjpT1A/c6HY2dCA77ZN0lkQ2Q==",
      "dependencies": {
        "d3-array": "2 - 3"
      },
      "engines": {
        "node": ">=12"
      }
    },
    "node_modules/d3-flame-graph/node_modules/d3-transition": {
      "version": "3.0.1",
      "resolved": "https://registry.npmjs.org/d3-transition/-/d3-transition-3.0.1.tgz",
      "integrity": "sha512-ApKvfjsSR6tg06xrL434C0WydLr7JewBB3V+/39RMHsaXTOG0zmt/OAXeng5M5LBm0ojmxJrpomQVZ1aPvBL4w==",
      "dependencies": {
        "d3-color": "1 - 3",
        "d3-dispatch": "1 - 3",
        "d3-ease": "1 - 3",
        "d3-interpolate": "1 - 3",
        "d3-timer": "1 - 3"
      },
      "engines": {
        "node": ">=12"
      },
      "peerDependencies": {
        "d3-selection": "2 - 3"
      }
    },
    "node_modules/d3-force": {
      "version": "1.1.0",
      "resolved": "https://registry.npmjs.org/d3-force/-/d3-force-1.1.0.tgz",
      "integrity": "sha512-2HVQz3/VCQs0QeRNZTYb7GxoUCeb6bOzMp/cGcLa87awY9ZsPvXOGeZm0iaGBjXic6I1ysKwMn+g+5jSAdzwcg==",
      "dependencies": {
        "d3-collection": "1",
        "d3-dispatch": "1",
        "d3-quadtree": "1",
        "d3-timer": "1"
      }
    },
    "node_modules/d3-force/node_modules/d3-dispatch": {
      "version": "1.0.6",
      "resolved": "https://registry.npmjs.org/d3-dispatch/-/d3-dispatch-1.0.6.tgz",
      "integrity": "sha512-fVjoElzjhCEy+Hbn8KygnmMS7Or0a9sI2UzGwoB7cCtvI1XpVN9GpoYlnb3xt2YV66oXYb1fLJ8GMvP4hdU1RA=="
    },
    "node_modules/d3-force/node_modules/d3-timer": {
      "version": "1.0.10",
      "resolved": "https://registry.npmjs.org/d3-timer/-/d3-timer-1.0.10.tgz",
      "integrity": "sha512-B1JDm0XDaQC+uvo4DT79H0XmBskgS3l6Ve+1SBCfxgmtIb1AVrPIoqd+nPSv+loMX8szQ0sVUhGngL7D5QPiXw=="
    },
    "node_modules/d3-format": {
      "version": "3.1.2",
      "resolved": "https://registry.npmjs.org/d3-format/-/d3-format-3.1.2.tgz",
      "integrity": "sha512-AJDdYOdnyRDV5b6ArilzCPPwc1ejkHcoyFarqlPqT7zRYjhavcT3uSrqcMvsgh2CgoPbK3RCwyHaVyxYcP2Arg==",
      "engines": {
        "node": ">=12"
      }
    },
    "node_modules/d3-geo": {
      "version": "1.9.1",
      "resolved": "https://registry.npmjs.org/d3-geo/-/d3-geo-1.9.1.tgz",
      "integrity": "sha512-l9wL/cEQkyZQYXw3xbmLsH3eQ5ij+icNfo4r0GrLa5rOCZR/e/3am45IQ0FvQ5uMsv+77zBRunLc9ufTWSQYFA==",
      "dependencies": {
        "d3-array": "1"
      }
    },
    "node_modules/d3-geo/node_modules/d3-array": {
      "version": "1.2.4",
      "resolved": "https://registry.npmjs.org/d3-array/-/d3-array-1.2.4.tgz",
      "integrity": "sha512-KHW6M86R+FUPYGb3R5XiYjXPq7VzwxZ22buHhAEVG5ztoEcZZMLov530mmccaqA1GghZArjQV46fuc8kUqhhHw=="
    },
    "node_modules/d3-hierarchy": {
      "version": "1.1.9",
      "resolved": "https://registry.npmjs.org/d3-hierarchy/-/d3-hierarchy-1.1.9.tgz",
      "integrity": "sha512-j8tPxlqh1srJHAtxfvOUwKNYJkQuBFdM1+JAUfq6xqH5eAqf93L7oG1NVqDa4CpFZNvnNKtCYEUC8KY9yEn9lQ=="
    },
    "node_modules/d3-interpolate": {
      "version": "1.4.0",
      "resolved": "https://registry.npmjs.org/d3-interpolate/-/d3-interpolate-1.4.0.tgz",
      "integrity": "sha512-V9znK0zc3jOPV4VD2zZn0sDhZU3WAE2bmlxdIwwQPPzPjvyLkd8B3JUVdS1IDUFDkWZ72c9qnv1GK2ZagTZ8EA==",
      "dependencies": {
        "d3-color": "1"
      }
    },
    "node_modules/d3-path": {
      "version": "0.1.5",
      "resolved": "https://registry.npmjs.org/d3-path/-/d3-path-0.1.5.tgz",
      "integrity": "sha512-mDXQvFW994DfrwFFpLj/zqkySXrcqlqwjtyw91pFWAV6I43eGEjjAow2icZy/DzBFEuAt7T5DytdUE/jfB8/IQ=="
    },
    "node_modules/d3-polygon": {
      "version": "1.0.3",
      "resolved": "https://registry.npmjs.org/d3-polygon/-/d3-polygon-1.0.3.tgz",
      "integrity": "sha512-2zP7GOvf4XOWTeQouK7fCO534yQxyhYYTw6GTqcXifIalHgA6qV/es+4GRQii9m6XxEPFcht4loobD/o2iEo1A=="
    },
    "node_modules/d3-quadtree": {
      "version": "1.0.3",
      "resolved": "https://registry.npmjs.org/d3-quadtree/-/d3-quadtree-1.0.3.tgz",
      "integrity": "sha512-U2Jc3jF3JOBGXIOnvWY9C4ekRwRX9hEVpMMmeduJyaxAwPmoe7t84iZFTLn1RwYOyrXxJF55H/Hrg186TFQQdw=="
    },
    "node_modules/d3-queue": {
      "version": "3.0.7",
      "resolved": "https://registry.npmjs.org/d3-queue/-/d3-queue-3.0.7.tgz",
      "integrity": "sha512-2rs+6pNFKkrJhqe1rg5znw7dKJ7KZr62j9aLZfhondkrnz6U7VRmJj1UGcbD8MRc46c7H8m4SWhab8EalBQrkw=="
    },
    "node_modules/d3-random": {
      "version": "1.1.0",
      "resolved": "https://registry.npmjs.org/d3-random/-/d3-random-1.1.0.tgz",
      "integrity": "sha512-XuMbjx3Jq4EWfJP4g6nR7zns/bZfaVbWHWfR8auDkEiWCzVbWifmasfszV1ZRN3xXK3nY4RUFL2nTIhceGZSFQ=="
    },
    "node_modules/d3-request": {
      "version": "1.0.6",
      "resolved": "https://registry.npmjs.org/d3-request/-/d3-request-1.0.6.tgz",
      "integrity": "sha512-FJj8ySY6GYuAJHZMaCQ83xEYE4KbkPkmxZ3Hu6zA1xxG2GD+z6P+Lyp+zjdsHf0xEbp2xcluDI50rCS855EQ6w==",
      "dependencies": {
        "d3-collection": "1",
        "d3-dispatch": "1",
        "d3-dsv": "1",
        "xmlhttprequest": "1"
      }
    },
    "node_modules/d3-request/node_modules/d3-dispatch": {
      "version": "1.0.6",
      "resolved": "https://registry.npmjs.org/d3-dispatch/-/d3-dispatch-1.0.6.tgz",
      "integrity": "sha512-fVjoElzjhCEy+Hbn8KygnmMS7Or0a9sI2UzGwoB7cCtvI1XpVN9GpoYlnb3xt2YV66oXYb1fLJ8GMvP4hdU1RA=="
    },
    "node_modules/d3-scale": {
      "version": "1.0.7",
      "resolved": "https://registry.npmjs.org/d3-scale/-/d3-scale-1.0.7.tgz",
      "integrity": "sha512-KvU92czp2/qse5tUfGms6Kjig0AhHOwkzXG0+PqIJB3ke0WUv088AHMZI0OssO9NCkXt4RP8yju9rpH8aGB7Lw==",
      "dependencies": {
        "d3-array": "^1.2.0",
        "d3-collection": "1",
        "d3-color": "1",
        "d3-format": "1",
        "d3-interpolate": "1",
        "d3-time": "1",
        "d3-time-format": "2"
      }
    },
    "node_modules/d3-scale/node_modules/d3-array": {
      "version": "1.2.4",
      "resolved": "https://registry.npmjs.org/d3-array/-/d3-array-1.2.4.tgz",
      "integrity": "sha512-KHW6M86R+FUPYGb3R5XiYjXPq7VzwxZ22buHhAEVG5ztoEcZZMLov530mmccaqA1GghZArjQV46fuc8kUqhhHw=="
    },
    "node_modules/d3-scale/node_modules/d3-format": {
      "version": "1.4.5",
      "resolved": "https://registry.npmjs.org/d3-format/-/d3-format-1.4.5.tgz",
      "integrity": "sha512-J0piedu6Z8iB6TbIGfZgDzfXxUFN3qQRMofy2oPdXzQibYGqPB/9iMcxr/TGalU+2RsyDO+U4f33id8tbnSRMQ=="
    },
    "node_modules/d3-selection": {
      "version": "1.4.2",
      "resolved": "https://registry.npmjs.org/d3-selection/-/d3-selection-1.4.2.tgz",
      "integrity": "sha512-SJ0BqYihzOjDnnlfyeHT0e30k0K1+5sR3d5fNueCNeuhZTnGw4M4o8mqJchSwgKMXCNFo+e2VTChiSJ0vYtXkg=="
    },
    "node_modules/d3-shape": {
      "version": "0.5.1",
      "resolved": "https://registry.npmjs.org/d3-shape/-/d3-shape-0.5.1.tgz",
      "integrity": "sha512-QO53UDBiU3tBLHxXqNPNbFGXQotjuM+EqSIz3MQeKo5OjL0+P7UnQEmUACxURwGhonfH4cFhzNYc6hnWGqSTzg==",
      "dependencies": {
        "d3-path": "~0.1.3"
      }
    },
    "node_modules/d3-time": {
      "version": "1.1.0",
      "resolved": "https://registry.npmjs.org/d3-time/-/d3-time-1.1.0.tgz",
      "integrity": "sha512-Xh0isrZ5rPYYdqhAVk8VLnMEidhz5aP7htAADH6MfzgmmicPkTo8LhkLxci61/lCB7n7UmE3bN0leRt+qvkLxA=="
    },
    "node_modules/d3-time-format": {
      "version": "2.3.0",
      "resolved": "https://registry.npmjs.org/d3-time-format/-/d3-time-format-2.3.0.tgz",
      "integrity": "sha512-guv6b2H37s2Uq/GefleCDtbe0XZAuy7Wa49VGkPVPMfLL9qObgBST3lEHJBMUp8S7NdLQAGIvr2KXk8Hc98iKQ==",
      "dependencies": {
        "d3-time": "1"
      }
    },
    "node_modules/d3-timer": {
      "version": "3.0.1",
      "resolved": "https://registry.npmjs.org/d3-timer/-/d3-timer-3.0.1.tgz",
      "integrity": "sha512-ndfJ/JxxMd3nw31uyKoY2naivF+r29V+Lc0svZxe1JvvIRmi8hUsrMvdOwgS1o6uBHmiz91geQ0ylPP0aj1VUA==",
      "engines": {
        "node": ">=12"
      }
    },
    "node_modules/d3-tip": {
      "version": "0.7.1",
      "resolved": "https://registry.npmjs.org/d3-tip/-/d3-tip-0.7.1.tgz",
      "integrity": "sha512-jtVR86jEfpVhfMtJaJBzT3GYYfulID106s9gqiX8o8es2tRcsCeJhoWWZG3sfepP97j1CTxfxPoky014nfJ9Zg==",
      "dependencies": {
        "d3": "^4.2"
      }
    },
    "node_modules/d3-tip/node_modules/d3": {
      "version": "4.13.0",
      "resolved": "https://registry.npmjs.org/d3/-/d3-4.13.0.tgz",
      "integrity": "sha512-l8c4+0SldjVKLaE2WG++EQlqD7mh/dmQjvi2L2lKPadAVC+TbJC4ci7Uk9bRi+To0+ansgsS0iWfPjD7DBy+FQ==",
      "dependencies": {
        "d3-array": "1.2.1",
        "d3-axis": "1.0.8",
        "d3-brush": "1.0.4",
        "d3-chord": "1.0.4",
        "d3-collection": "1.0.4",
        "d3-color": "1.0.3",
        "d3-dispatch": "1.0.3",
        "d3-drag": "1.2.1",
        "d3-dsv": "1.0.8",
        "d3-ease": "1.0.3",
        "d3-force": "1.1.0",
        "d3-format": "1.2.2",
        "d3-geo": "1.9.1",
        "d3-hierarchy": "1.1.5",
        "d3-interpolate": "1.1.6",
        "d3-path": "1.0.5",
        "d3-polygon": "1.0.3",
        "d3-quadtree": "1.0.3",
        "d3-queue": "3.0.7",
        "d3-random": "1.1.0",
        "d3-request": "1.0.6",
        "d3-scale": "1.0.7",
        "d3-selection": "1.3.0",
        "d3-shape": "1.2.0",
        "d3-time": "1.0.8",
        "d3-time-format": "2.1.1",
        "d3-timer": "1.0.7",
        "d3-transition": "1.1.1",
        "d3-voronoi": "1.1.2",
        "d3-zoom": "1.7.1"
      }
    },
    "node_modules/d3-tip/node_modules/d3-array": {
      "version": "1.2.1",
      "resolved": "https://registry.npmjs.org/d3-array/-/d3-array-1.2.1.tgz",
      "integrity": "sha512-CyINJQ0SOUHojDdFDH4JEM0552vCR1utGyLHegJHyYH0JyCpSeTPxi4OBqHMA2jJZq4NH782LtaJWBImqI/HBw=="
    },
    "node_modules/d3-tip/node_modules/d3-collection": {
      "version": "1.0.4",
      "resolved": "https://registry.npmjs.org/d3-collection/-/d3-collection-1.0.4.tgz",
      "integrity": "sha512-+TPxaBFzbzfpLF3Hjz8JPeuStNmJnyWAufu8VUfpDCDn5RieIgY+OQDjhKMDorf2naLgAjjZXLUQN7XFp/kgog=="
    },
    "node_modules/d3-tip/node_modules/d3-color": {
      "version": "1.0.3",
      "resolved": "https://registry.npmjs.org/d3-color/-/d3-color-1.0.3.tgz",
      "integrity": "sha512-t+rSOrshj6m2AUOe8kHvTwfUQ5TFoInEkBfmsHHAHPof58dmbRXNpicB7XAyPbMQbcC7i09p2BxeCEdgBd8xmw=="
    },
    "node_modules/d3-tip/node_modules/d3-dispatch": {
      "version": "1.0.3",
      "resolved": "https://registry.npmjs.org/d3-dispatch/-/d3-dispatch-1.0.3.tgz",
      "integrity": "sha512-Qh2DR3neW3lq/ug4oymXHYoIsA91nYt47ERb+fPKjRg6zLij06aP7KqHHl2NyziK9ASxrR3GLkHCtZvXe/jMVg=="
    },
    "node_modules/d3-tip/node_modules/d3-ease": {
      "version": "1.0.3",
      "resolved": "https://registry.npmjs.org/d3-ease/-/d3-ease-1.0.3.tgz",
      "integrity": "sha512-io3QwOJwVPAxRF2UXpKpCdz2wm/7VLFCQQ1yy+GzX6YCtt3vi2BGnimI8agSF5jyUrHsADyF303d2S+ps7zU8w=="
    },
    "node_modules/d3-tip/node_modules/d3-format": {
      "version": "1.2.2",
      "resolved": "https://registry.npmjs.org/d3-format/-/d3-format-1.2.2.tgz",
      "integrity": "sha512-zH9CfF/3C8zUI47nsiKfD0+AGDEuM8LwBIP7pBVpyR4l/sKkZqITmMtxRp04rwBrlshIZ17XeFAaovN3++wzkw=="
    },
    "node_modules/d3-tip/node_modules/d3-hierarchy": {
      "version": "1.1.5",
      "resolved": "https://registry.npmjs.org/d3-hierarchy/-/d3-hierarchy-1.1.5.tgz",
      "integrity": "sha512-PcsLIhThc60mWnxlojIOH7Sc0tQ2DgLWfEwEAyzCtej5f3H9wSsRmrg5pEhKZLrwiJnI2zyw/pznJxL9a/Eugw=="
    },
    "node_modules/d3-tip/node_modules/d3-interpolate": {
      "version": "1.1.6",
      "resolved": "https://registry.npmjs.org/d3-interpolate/-/d3-interpolate-1.1.6.tgz",
      "integrity": "sha512-mOnv5a+pZzkNIHtw/V6I+w9Lqm9L5bG3OTXPM5A+QO0yyVMQ4W1uZhR+VOJmazaOZXri2ppbiZ5BUNWT0pFM9A==",
      "dependencies": {
        "d3-color": "1"
      }
    },
    "node_modules/d3-tip/node_modules/d3-path": {
      "version": "1.0.5",
      "resolved": "https://registry.npmjs.org/d3-path/-/d3-path-1.0.5.tgz",
      "integrity": "sha512-eD76prgnTKYkLzHlY2UMyOEZXTpC+WOanCr1BLxo38w4fPPPq/LgCFqRQvqFU3AJngfZmmKR7rgKPZ4EGJ9Atw=="
    },
    "node_modules/d3-tip/node_modules/d3-selection": {
      "version": "1.3.0",
      "resolved": "https://registry.npmjs.org/d3-selection/-/d3-selection-1.3.0.tgz",
      "integrity": "sha512-qgpUOg9tl5CirdqESUAu0t9MU/t3O9klYfGfyKsXEmhyxyzLpzpeh08gaxBUTQw1uXIOkr/30Ut2YRjSSxlmHA=="
    },
    "node_modules/d3-tip/node_modules/d3-shape": {
      "version": "1.2.0",
      "resolved": "https://registry.npmjs.org/d3-shape/-/d3-shape-1.2.0.tgz",
      "integrity": "sha512-LP48zJ9ykPKjCdd0vSu5k2l4s8v1vI6vvdDeJtmgtTa+L6Ery0lzvOaV7pMunFuLv11hwSRZQnSnlhFl801aiw==",
      "dependencies": {
        "d3-path": "1"
      }
    },
    "node_modules/d3-tip/node_modules/d3-time": {
      "version": "1.0.8",
      "resolved": "https://registry.npmjs.org/d3-time/-/d3-time-1.0.8.tgz",
      "integrity": "sha512-YRZkNhphZh3KcnBfitvF3c6E0JOFGikHZ4YqD+Lzv83ZHn1/u6yGenRU1m+KAk9J1GnZMnKcrtfvSktlA1DXNQ=="
    },
    "node_modules/d3-tip/node_modules/d3-time-format": {
      "version": "2.1.1",
      "resolved": "https://registry.npmjs.org/d3-time-format/-/d3-time-format-2.1.1.tgz",
      "integrity": "sha512-8kAkymq2WMfzW7e+s/IUNAtN/y3gZXGRrdGfo6R8NKPAA85UBTxZg5E61bR6nLwjPjj4d3zywSQe1CkYLPFyrw==",
      "dependencies": {
        "d3-time": "1"
      }
    },
    "node_modules/d3-tip/node_modules/d3-timer": {
      "version": "1.0.7",
      "resolved": "https://registry.npmjs.org/d3-timer/-/d3-timer-1.0.7.tgz",
      "integrity": "sha512-vMZXR88XujmG/L5oB96NNKH5lCWwiLM/S2HyyAQLcjWJCloK5shxta4CwOFYLZoY3AWX73v8Lgv4cCAdWtRmOA=="
    },
    "node_modules/d3-transition": {
      "version": "1.1.1",
      "resolved": "https://registry.npmjs.org/d3-transition/-/d3-transition-1.1.1.tgz",
      "integrity": "sha512-xeg8oggyQ+y5eb4J13iDgKIjUcEfIOZs2BqV/eEmXm2twx80wTzJ4tB4vaZ5BKfz7XsI/DFmQL5me6O27/5ykQ==",
      "dependencies": {
        "d3-color": "1",
        "d3-dispatch": "1",
        "d3-ease": "1",
        "d3-interpolate": "1",
        "d3-selection": "^1.1.0",
        "d3-timer": "1"
      }
    },
    "node_modules/d3-transition/node_modules/d3-dispatch": {
      "version": "1.0.6",
      "resolved": "https://registry.npmjs.org/d3-dispatch/-/d3-dispatch-1.0.6.tgz",
      "integrity": "sha512-fVjoElzjhCEy+Hbn8KygnmMS7Or0a9sI2UzGwoB7cCtvI1XpVN9GpoYlnb3xt2YV66oXYb1fLJ8GMvP4hdU1RA=="
    },
    "node_modules/d3-transition/node_modules/d3-timer": {
      "version": "1.0.10",
      "resolved": "https://registry.npmjs.org/d3-timer/-/d3-timer-1.0.10.tgz",
      "integrity": "sha512-B1JDm0XDaQC+uvo4DT79H0XmBskgS3l6Ve+1SBCfxgmtIb1AVrPIoqd+nPSv+loMX8szQ0sVUhGngL7D5QPiXw=="
    },
    "node_modules/d3-voronoi": {
      "version": "1.1.2",
      "resolved": "https://registry.npmjs.org/d3-voronoi/-/d3-voronoi-1.1.2.tgz",
      "integrity": "sha512-RhGS1u2vavcO7ay7ZNAPo4xeDh/VYeGof3x5ZLJBQgYhLegxr3s5IykvWmJ94FTU6mcbtp4sloqZ54mP6R4Utw=="
    },
    "node_modules/d3-zoom": {
      "version": "1.7.1",
      "resolved": "https://registry.npmjs.org/d3-zoom/-/d3-zoom-1.7.1.tgz",
      "integrity": "sha512-sZHQ55DGq5BZBFGnRshUT8tm2sfhPHFnOlmPbbwTkAoPeVdRTkB4Xsf9GCY0TSHrTD8PeJPZGmP/TpGicwJDJQ==",
      "dependencies": {
        "d3-dispatch": "1",
        "d3-drag": "1",
        "d3-interpolate": "1",
        "d3-selection": "1",
        "d3-transition": "1"
      }
    },
    "node_modules/d3-zoom/node_modules/d3-dispatch": {
      "version": "1.0.6",
      "resolved": "https://registry.npmjs.org/d3-dispatch/-/d3-dispatch-1.0.6.tgz",
      "integrity": "sha512-fVjoElzjhCEy+Hbn8KygnmMS7Or0a9sI2UzGwoB7cCtvI1XpVN9GpoYlnb3xt2YV66oXYb1fLJ8GMvP4hdU1RA=="
    },
    "node_modules/debug": {
      "version": "4.4.3",
      "resolved": "https://registry.npmjs.org/debug/-/debug-4.4.3.tgz",
      "integrity": "sha512-RGwwWnwQvkVfavKVt22FGLw+xYSdzARwm0ru6DhTVA3umU5hZc28V3kO4stgYryrTlLpuvgI9GiijltAjNbcqA==",
      "dependencies": {
        "ms": "^2.1.3"
      },
      "engines": {
        "node": ">=6.0"
      },
      "peerDependenciesMeta": {
        "supports-color": {
          "optional": true
        }
      }
    },
    "node_modules/electron-updater": {
      "version": "6.7.3",
      "resolved": "https://registry.npmjs.org/electron-updater/-/electron-updater-6.7.3.tgz",
      "integrity": "sha512-EgkT8Z9noqXKbwc3u5FkJA+r48jwZ5DTUiOkJMOTEEH//n5Am6wfQGz7nvSFEA2oIAMv9jRzn5JKTyWeSKOPgg==",
      "dependencies": {
        "builder-util-runtime": "9.5.1",
        "fs-extra": "^10.1.0",
        "js-yaml": "^4.1.0",
        "lazy-val": "^1.0.5",
        "lodash.escaperegexp": "^4.1.2",
        "lodash.isequal": "^4.5.0",
        "semver": "~7.7.3",
        "tiny-typed-emitter": "^2.1.0"
      }
    },
    "node_modules/fs-extra": {
      "version": "10.1.0",
      "resolved": "https://registry.npmjs.org/fs-extra/-/fs-extra-10.1.0.tgz",
      "integrity": "sha512-oRXApq54ETRj4eMiFzGnHWGy+zo5raudjuxN0b8H7s/RU2oW0Wvsx9O0ACRN/kRq9E8Vu/ReskGB5o3ji+FzHQ==",
      "dependencies": {
        "graceful-fs": "^4.2.0",
        "jsonfile": "^6.0.1",
        "universalify": "^2.0.0"
      },
      "engines": {
        "node": ">=12"
      }
    },
    "node_modules/graceful-fs": {
      "version": "4.2.11",
      "resolved": "https://registry.npmjs.org/graceful-fs/-/graceful-fs-4.2.11.tgz",
      "integrity": "sha512-RbJ5/jmFcNNCcDV5o9eTnBLJ/HszWV0P73bc+Ff4nS/rJj+YaS6IGyiOL0VoBYX+l1Wrl3k63h/KrH+nhJ0XvQ=="
    },
    "node_modules/iconv-lite": {
      "version": "0.4.24",
      "resolved": "https://registry.npmjs.org/iconv-lite/-/iconv-lite-0.4.24.tgz",
      "integrity": "sha512-v3MXnZAcvnywkTUEZomIActle7RXXeedOR31wwl7VlyoXO4Qi9arvSenNQWne1TcRwhCL1HwLI21bEqdpj8/rA==",
      "dependencies": {
        "safer-buffer": ">= 2.1.2 < 3"
      },
      "engines": {
        "node": ">=0.10.0"
      }
    },
    "node_modules/internmap": {
      "version": "2.0.3",
      "resolved": "https://registry.npmjs.org/internmap/-/internmap-2.0.3.tgz",
      "integrity": "sha512-5Hh7Y1wQbvY5ooGgPbDaL5iYLAPzMTUrjMulskHLH6wnv/A+1q5rgEaiuqEjB+oxGXIVZs1FF+R/KPN3ZSQYYg==",
      "engines": {
        "node": ">=12"
      }
    },
    "node_modules/js-yaml": {
      "version": "4.1.1",
      "resolved": "https://registry.npmjs.org/js-yaml/-/js-yaml-4.1.1.tgz",
      "integrity": "sha512-qQKT4zQxXl8lLwBtHMWwaTcGfFOZviOJet3Oy/xmGk2gZH677CJM9EvtfdSkgWcATZhj/55JZ0rmy3myCT5lsA==",
      "dependencies": {
        "argparse": "^2.0.1"
      },
      "bin": {
        "js-yaml": "bin/js-yaml.js"
      }
    },
    "node_modules/jsonfile": {
      "version": "6.2.0",
      "resolved": "https://registry.npmjs.org/jsonfile/-/jsonfile-6.2.0.tgz",
      "integrity": "sha512-FGuPw30AdOIUTRMC2OMRtQV+jkVj2cfPqSeWXv1NEAJ1qZ5zb1X6z1mFhbfOB/iy3ssJCD+3KuZ8r8C3uVFlAg==",
      "dependencies": {
        "universalify": "^2.0.0"
      },
      "optionalDependencies": {
        "graceful-fs": "^4.1.6"
      }
    },
    "node_modules/lazy-val": {
      "version": "1.0.5",
      "resolved": "https://registry.npmjs.org/lazy-val/-/lazy-val-1.0.5.tgz",
      "integrity": "sha512-0/BnGCCfyUMkBpeDgWihanIAF9JmZhHBgUhEqzvf+adhNGLoP6TaiI5oF8oyb3I45P+PcnrqihSf01M0l0G5+Q=="
    },
    "node_modules/lodash.escaperegexp": {
      "version": "4.1.2",
      "resolved": "https://registry.npmjs.org/lodash.escaperegexp/-/lodash.escaperegexp-4.1.2.tgz",
      "integrity": "sha512-TM9YBvyC84ZxE3rgfefxUWiQKLilstD6k7PTGt6wfbtXF8ixIJLOL3VYyV/z+ZiPLsVxAsKAFVwWlWeb2Y8Yyw=="
    },
    "node_modules/lodash.isequal": {
      "version": "4.5.0",
      "resolved": "https://registry.npmjs.org/lodash.isequal/-/lodash.isequal-4.5.0.tgz",
      "integrity": "sha512-pDo3lu8Jhfjqls6GkMgpahsF9kCyayhgykjyLMNFTKWrpVdAQtYyB4muAMWozBB4ig/dtWAmsMxLEI8wuz+DYQ==",
      "deprecated": "This package is deprecated. Use require('node:util').isDeepStrictEqual instead."
    },
    "node_modules/ms": {
      "version": "2.1.3",
      "resolved": "https://registry.npmjs.org/ms/-/ms-2.1.3.tgz",
      "integrity": "sha512-6FlzubTLZG3J2a/NVCAleEhjzq5oxgHyaCU9yYXvcLsvoVaHJq/s5xXI6/XXP6tz7R9xAOtHnSO/tXtF3WRTlA=="
    },
    "node_modules/photonkit": {
      "version": "0.1.2",
      "resolved": "https://registry.npmjs.org/photonkit/-/photonkit-0.1.2.tgz",
      "integrity": "sha512-eGjDCEXPwVdwUoER21jMGpNeOSBgSbWs7zjxOvREvSuifxETEc+JHKao1xU11uwAefDdy6ikEmQwTQlwGqRakA=="
    },
    "node_modules/rw": {
      "version": "1.3.3",
      "resolved": "https://registry.npmjs.org/rw/-/rw-1.3.3.tgz",
      "integrity": "sha512-PdhdWy89SiZogBLaw42zdeqtRJ//zFd2PgQavcICDUgJT5oW10QCRKbJ6bg4r0/UY2M6BWd5tkxuGFRvCkgfHQ=="
    },
    "node_modules/safer-buffer": {
      "version": "2.1.2",
      "resolved": "https://registry.npmjs.org/safer-buffer/-/safer-buffer-2.1.2.tgz",
      "integrity": "sha512-YZo3K82SD7Riyi0E1EQPojLz7kpepnSQI9IyPbHHg1XXXevb5dJI7tpyN2ADxGcQbHG7vcyRHk0cbwqcQriUtg=="
    },
    "node_modules/sax": {
      "version": "1.4.4",
      "resolved": "https://registry.npmjs.org/sax/-/sax-1.4.4.tgz",
      "integrity": "sha512-1n3r/tGXO6b6VXMdFT54SHzT9ytu9yr7TaELowdYpMqY/Ao7EnlQGmAQ1+RatX7Tkkdm6hONI2owqNx2aZj5Sw==",
      "engines": {
        "node": ">=11.0.0"
      }
    },
    "node_modules/semver": {
      "version": "7.7.3",
      "resolved": "https://registry.npmjs.org/semver/-/semver-7.7.3.tgz",
      "integrity": "sha512-SdsKMrI9TdgjdweUSR9MweHA4EJ8YxHn8DFaDisvhVlUOe4BF1tLD7GAj0lIqWVl+dPb/rExr0Btby5loQm20Q==",
      "bin": {
        "semver": "bin/semver.js"
      },
      "engines": {
        "node": ">=10"
      }
    },
    "node_modules/systeminformation": {
      "version": "5.30.7",
      "resolved": "https://registry.npmjs.org/systeminformation/-/systeminformation-5.30.7.tgz",
      "integrity": "sha512-33B/cftpaWdpvH+Ho9U1b08ss8GQuLxrWHelbJT1yw4M48Taj8W3ezcPuaLoIHZz5V6tVHuQPr5BprEfnBLBMw==",
      "os": [
        "darwin",
        "linux",
        "win32",
        "freebsd",
        "openbsd",
        "netbsd",
        "sunos",
        "android"
      ],
      "bin": {
        "systeminformation": "lib/cli.js"
      },
      "engines": {
        "node": ">=8.0.0"
      },
      "funding": {
        "type": "Buy me a coffee",
        "url": "https://www.buymeacoffee.com/systeminfo"
      }
    },
    "node_modules/tail-stream": {
      "version": "0.3.4",
      "resolved": "https://registry.npmjs.org/tail-stream/-/tail-stream-0.3.4.tgz",
      "integrity": "sha512-HUH7or6k9VPaIFIgUmh8QEcxYBFJEtRYf7fhouP41MnM8Yna6wfT2CQ6DcPxi9WrX2l2l3SAHRpmE7DUSNLH2A=="
    },
    "node_modules/tiny-typed-emitter": {
      "version": "2.1.0",
      "resolved": "https://registry.npmjs.org/tiny-typed-emitter/-/tiny-typed-emitter-2.1.0.tgz",
      "integrity": "sha512-qVtvMxeXbVej0cQWKqVSSAHmKZEHAvxdF8HEUBFWts8h+xEo5m/lEiPakuyZ3BnCBjOD8i24kzNOiOLLgsSxhA=="
    },
    "node_modules/universalify": {
      "version": "2.0.1",
      "resolved": "https://registry.npmjs.org/universalify/-/universalify-2.0.1.tgz",
      "integrity": "sha512-gptHNQghINnc/vTGIk0SOFGFNXw7JVrlRUtConJRlvaw6DuX0wO5Jeko9sWrMBhh+PsYAZ7oXAiOnf/UKogyiw==",
      "engines": {
        "node": ">= 10.0.0"
      }
    },
    "node_modules/xmlhttprequest": {
      "version": "1.8.0",
      "resolved": "https://registry.npmjs.org/xmlhttprequest/-/xmlhttprequest-1.8.0.tgz",
      "integrity": "sha512-58Im/U0mlVBLM38NdZjHyhuMtCqa61469k2YP/AaPbvCoV9aQGUpbJBj1QRm2ytRiVQBD/fsw7L2bJGDVQswBA==",
      "engines": {
        "node": ">=0.4.0"
      }
    }
  }
}
